{
  "name": "@vintners/tiptap-extension-aligned-image",
  "version": "0.0.6",
  "lockfileVersion": 2,
  "requires": true,
  "packages": {
    "": {
      "name": "@vintners/tiptap-extension-aligned-image",
      "version": "0.0.6",
      "license": "MIT",
      "dependencies": {
        "@tiptap/extension-image": "^2.0.0-beta.202"
      }
    },
    "node_modules/@tiptap/core": {
      "version": "2.0.0-beta.202",
      "resolved": "https://registry.npmjs.org/@tiptap/core/-/core-2.0.0-beta.202.tgz",
      "integrity": "sha512-KnOcZBtkWoDT7EsVLiJr9DyBnQcKJQHI8kOhNIL0snUrksr25q8xBW05iYqw6cGAF7iu1cFM80VikfgefsZUpw==",
      "peer": true,
      "dependencies": {
        "prosemirror-commands": "^1.3.1",
        "prosemirror-keymap": "^1.2.0",
        "prosemirror-model": "^1.18.1",
        "prosemirror-schema-list": "^1.2.2",
        "prosemirror-state": "^1.4.1",
        "prosemirror-transform": "^1.7.0",
        "prosemirror-view": "^1.28.2"
      },
      "funding": {
        "type": "github",
        "url": "https://github.com/sponsors/ueberdosis"
      }
    },
    "node_modules/@tiptap/extension-image": {
      "version": "2.0.0-beta.202",
      "resolved": "https://registry.npmjs.org/@tiptap/extension-image/-/extension-image-2.0.0-beta.202.tgz",
      "integrity": "sha512-aHPJMXuoMgToTYkGZsz2ue8gKzes+B92qb9lVRYlY9f+r/tC2K4q3HMtx6qvh8l4Dei5/yeV9TqliY79E9A5dg==",
      "funding": {
        "type": "github",
        "url": "https://github.com/sponsors/ueberdosis"
      },
      "peerDependencies": {
        "@tiptap/core": "^2.0.0-beta.193"
      }
    },
    "node_modules/orderedmap": {
      "version": "2.1.0",
      "resolved": "https://registry.npmjs.org/orderedmap/-/orderedmap-2.1.0.tgz",
      "integrity": "sha512-/pIFexOm6S70EPdznemIz3BQZoJ4VTFrhqzu0ACBqBgeLsLxq8e6Jim63ImIfwW/zAD1AlXpRMlOv3aghmo4dA==",
      "peer": true
    },
    "node_modules/prosemirror-commands": {
      "version": "1.3.1",
      "resolved": "https://registry.npmjs.org/prosemirror-commands/-/prosemirror-commands-1.3.1.tgz",
      "integrity": "sha512-XTporPgoECkOQACVw0JTe3RZGi+fls3/byqt+tXwGTkD7qLuB4KdVrJamDMJf4kfKga3uB8hZ+kUUyZ5oWpnfg==",
      "peer": true,
      "dependencies": {
        "prosemirror-model": "^1.0.0",
        "prosemirror-state": "^1.0.0",
        "prosemirror-transform": "^1.0.0"
      }
    },
    "node_modules/prosemirror-keymap": {
      "version": "1.2.0",
      "resolved": "https://registry.npmjs.org/prosemirror-keymap/-/prosemirror-keymap-1.2.0.tgz",
      "integrity": "sha512-TdSfu+YyLDd54ufN/ZeD1VtBRYpgZnTPnnbY+4R08DDgs84KrIPEPbJL8t1Lm2dkljFx6xeBE26YWH3aIzkPKg==",
      "peer": true,
      "dependencies": {
        "prosemirror-state": "^1.0.0",
        "w3c-keyname": "^2.2.0"
      }
    },
    "node_modules/prosemirror-model": {
      "version": "1.18.1",
      "resolved": "https://registry.npmjs.org/prosemirror-model/-/prosemirror-model-1.18.1.tgz",
      "integrity": "sha512-IxSVBKAEMjD7s3n8cgtwMlxAXZrC7Mlag7zYsAKDndAqnDScvSmp/UdnRTV/B33lTCVU3CCm7dyAn/rVVD0mcw==",
      "peer": true,
      "dependencies": {
        "orderedmap": "^2.0.0"
      }
    },
    "node_modules/prosemirror-schema-list": {
      "version": "1.2.2",
      "resolved": "https://registry.npmjs.org/prosemirror-schema-list/-/prosemirror-schema-list-1.2.2.tgz",
      "integrity": "sha512-rd0pqSDp86p0MUMKG903g3I9VmElFkQpkZ2iOd3EOVg1vo5Cst51rAsoE+5IPy0LPXq64eGcCYlW1+JPNxOj2w==",
      "peer": true,
      "dependencies": {
        "prosemirror-model": "^1.0.0",
        "prosemirror-state": "^1.0.0",
        "prosemirror-transform": "^1.0.0"
      }
    },
    "node_modules/prosemirror-state": {
      "version": "1.4.2",
      "resolved": "https://registry.npmjs.org/prosemirror-state/-/prosemirror-state-1.4.2.tgz",
      "integrity": "sha512-puuzLD2mz/oTdfgd8msFbe0A42j5eNudKAAPDB0+QJRw8cO1ygjLmhLrg9RvDpf87Dkd6D4t93qdef00KKNacQ==",
      "peer": true,
      "dependencies": {
        "prosemirror-model": "^1.0.0",
        "prosemirror-transform": "^1.0.0",
        "prosemirror-view": "^1.27.0"
      }
    },
    "node_modules/prosemirror-transform": {
      "version": "1.7.0",
      "resolved": "https://registry.npmjs.org/prosemirror-transform/-/prosemirror-transform-1.7.0.tgz",
      "integrity": "sha512-O4T697Cqilw06Zvc3Wm+e237R6eZtJL/xGMliCi+Uo8VL6qHk6afz1qq0zNjT3eZMuYwnP8ZS0+YxX/tfcE9TQ==",
      "peer": true,
      "dependencies": {
        "prosemirror-model": "^1.0.0"
      }
    },
    "node_modules/prosemirror-view": {
      "version": "1.29.0",
      "resolved": "https://registry.npmjs.org/prosemirror-view/-/prosemirror-view-1.29.0.tgz",
      "integrity": "sha512-bifVd5aD9uCNtpLL1AyhquG/cVbNZSv+ALBxTEGYv51a6OHDhq+aOuzqq4MermNdeBdT+5uyURXCALgzk0EN5g==",
      "peer": true,
      "dependencies": {
        "prosemirror-model": "^1.16.0",
        "prosemirror-state": "^1.0.0",
        "prosemirror-transform": "^1.1.0"
      }
    },
    "node_modules/w3c-keyname": {
      "version": "2.2.6",
      "resolved": "https://registry.npmjs.org/w3c-keyname/-/w3c-keyname-2.2.6.tgz",
      "integrity": "sha512-f+fciywl1SJEniZHD6H+kUO8gOnwIr7f4ijKA6+ZvJFjeGi1r4PDLl53Ayud9O/rk64RqgoQine0feoeOU0kXg==",
      "peer": true
    }
  },
  "dependencies": {
    "@tiptap/core": {
      "version": "2.0.0-beta.202",
      "resolved": "https://registry.npmjs.org/@tiptap/core/-/core-2.0.0-beta.202.tgz",
      "integrity": "sha512-KnOcZBtkWoDT7EsVLiJr9DyBnQcKJQHI8kOhNIL0snUrksr25q8xBW05iYqw6cGAF7iu1cFM80VikfgefsZUpw==",
      "peer": true,
      "requires": {
        "prosemirror-commands": "^1.3.1",
        "prosemirror-keymap": "^1.2.0",
        "prosemirror-model": "^1.18.1",
        "prosemirror-schema-list": "^1.2.2",
        "prosemirror-state": "^1.4.1",
        "prosemirror-transform": "^1.7.0",
        "prosemirror-view": "^1.28.2"
      }
    },
    "@tiptap/extension-image": {
      "version": "2.0.0-beta.202",
      "resolved": "https://registry.npmjs.org/@tiptap/extension-image/-/extension-image-2.0.0-beta.202.tgz",
      "integrity": "sha512-aHPJMXuoMgToTYkGZsz2ue8gKzes+B92qb9lVRYlY9f+r/tC2K4q3HMtx6qvh8l4Dei5/yeV9TqliY79E9A5dg==",
      "requires": {}
    },
    "orderedmap": {
      "version": "2.1.0",
      "resolved": "https://registry.npmjs.org/orderedmap/-/orderedmap-2.1.0.tgz",
      "integrity": "sha512-/pIFexOm6S70EPdznemIz3BQZoJ4VTFrhqzu0ACBqBgeLsLxq8e6Jim63ImIfwW/zAD1AlXpRMlOv3aghmo4dA==",
      "peer": true
    },
    "prosemirror-commands": {
      "version": "1.3.1",
      "resolved": "https://registry.npmjs.org/prosemirror-commands/-/prosemirror-commands-1.3.1.tgz",
      "integrity": "sha512-XTporPgoECkOQACVw0JTe3RZGi+fls3/byqt+tXwGTkD7qLuB4KdVrJamDMJf4kfKga3uB8hZ+kUUyZ5oWpnfg==",
      "peer": true,
      "requires": {
        "prosemirror-model": "^1.0.0",
        "prosemirror-state": "^1.0.0",
        "prosemirror-transform": "^1.0.0"
      }
    },
    "prosemirror-keymap": {
      "version": "1.2.0",
      "resolved": "https://registry.npmjs.org/prosemirror-keymap/-/prosemirror-keymap-1.2.0.tgz",
      "integrity": "sha512-TdSfu+YyLDd54ufN/ZeD1VtBRYpgZnTPnnbY+4R08DDgs84KrIPEPbJL8t1Lm2dkljFx6xeBE26YWH3aIzkPKg==",
      "peer": true,
      "requires": {
        "prosemirror-state": "^1.0.0",
        "w3c-keyname": "^2.2.0"
      }
    },
    "prosemirror-model": {
      "version": "1.18.1",
      "resolved": "https://registry.npmjs.org/prosemirror-model/-/prosemirror-model-1.18.1.tgz",
      "integrity": "sha512-IxSVBKAEMjD7s3n8cgtwMlxAXZrC7Mlag7zYsAKDndAqnDScvSmp/UdnRTV/B33lTCVU3CCm7dyAn/rVVD0mcw==",
      "peer": true,
      "requires": {
        "orderedmap": "^2.0.0"
      }
    },
    "prosemirror-schema-list": {
      "version": "1.2.2",
      "resolved": "https://registry.npmjs.org/prosemirror-schema-list/-/prosemirror-schema-list-1.2.2.tgz",
      "integrity": "sha512-rd0pqSDp86p0MUMKG903g3I9VmElFkQpkZ2iOd3EOVg1vo5Cst51rAsoE+5IPy0LPXq64eGcCYlW1+JPNxOj2w==",
      "peer": true,
      "requires": {
        "prosemirror-model": "^1.0.0",
        "prosemirror-state": "^1.0.0",
        "prosemirror-transform": "^1.0.0"
      }
    },
    "prosemirror-state": {
      "version": "1.4.2",
      "resolved": "https://registry.npmjs.org/prosemirror-state/-/prosemirror-state-1.4.2.tgz",
      "integrity": "sha512-puuzLD2mz/oTdfgd8msFbe0A42j5eNudKAAPDB0+QJRw8cO1ygjLmhLrg9RvDpf87Dkd6D4t93qdef00KKNacQ==",
      "peer": true,
      "requires": {
        "prosemirror-model": "^1.0.0",
        "prosemirror-transform": "^1.0.0",
        "prosemirror-view": "^1.27.0"
      }
    },
    "prosemirror-transform": {
      "version": "1.7.0",
      "resolved": "https://registry.npmjs.org/prosemirror-transform/-/prosemirror-transform-1.7.0.tgz",
      "integrity": "sha512-O4T697Cqilw06Zvc3Wm+e237R6eZtJL/xGMliCi+Uo8VL6qHk6afz1qq0zNjT3eZMuYwnP8ZS0+YxX/tfcE9TQ==",
      "peer": true,
      "requires": {
        "prosemirror-model": "^1.0.0"
      }
    },
    "prosemirror-view": {
      "version": "1.29.0",
      "resolved": "https://registry.npmjs.org/prosemirror-view/-/prosemirror-view-1.29.0.tgz",
      "integrity": "sha512-bifVd5aD9uCNtpLL1AyhquG/cVbNZSv+ALBxTEGYv51a6OHDhq+aOuzqq4MermNdeBdT+5uyURXCALgzk0EN5g==",
      "peer": true,
      "requires": {
        "prosemirror-model": "^1.16.0",
        "prosemirror-state": "^1.0.0",
        "prosemirror-transform": "^1.1.0"
      }
    },
    "w3c-keyname": {
      "version": "2.2.6",
      "resolved": "https://registry.npmjs.org/w3c-keyname/-/w3c-keyname-2.2.6.tgz",
      "integrity": "sha512-f+fciywl1SJEniZHD6H+kUO8gOnwIr7f4ijKA6+ZvJFjeGi1r4PDLl53Ayud9O/rk64RqgoQine0feoeOU0kXg==",
      "peer": true
    }
  }
}
